
Microsoft Visual Studio Solution File, Format Version 12.00
# Visual Studio 2013
VisualStudioVersion = 12.0.21005.1
MinimumVisualStudioVersion = 10.0.40219.1
Project("{FAE04EC0-301F-11D3-BF4B-00C04F79EFBC}") = "BLL", "BLL\BLL.csproj", "{804F2D77-297E-4AC8-B9A7-D267E95C8C68}"
EndProject
Project("{FAE04EC0-301F-11D3-BF4B-00C04F79EFBC}") = "DTO", "DTO\DTO.csproj", "{F1DB9C89-9C90-40E4-A22F-C51587F98AAC}"
EndProject
Project("{FAE04EC0-301F-11D3-BF4B-00C04F79EFBC}") = "DAL", "DAL\DAL.csproj", "{EDA63E1D-8332-4C17-9DD8-41886BD42D82}"
EndProject
Project("{FAE04EC0-301F-11D3-BF4B-00C04F79EFBC}") = "GUI", "GUI\GUI.csproj", "{A95FC6B2-E734-4C68-8EAB-531D05DE6CAC}"
EndProject
Global
	GlobalSection(SolutionConfigurationPlatforms) = preSolution
		Debug|Any CPU = Debug|Any CPU
		Release|Any CPU = Release|Any CPU
	EndGlobalSection
	GlobalSection(ProjectConfigurationPlatforms) = postSolution
		{804F2D77-297E-4AC8-B9A7-D267E95C8C68}.Debug|Any CPU.ActiveCfg = Debug|Any CPU
		{804F2D77-297E-4AC8-B9A7-D267E95C8C68}.Debug|Any CPU.Build.0 = Debug|Any CPU
		{804F2D77-297E-4AC8-B9A7-D267E95C8C68}.Release|Any CPU.ActiveCfg = Release|Any CPU
		{804F2D77-297E-4AC8-B9A7-D267E95C8C68}.Release|Any CPU.Build.0 = Release|Any CPU
		{F1DB9C89-9C90-40E4-A22F-C51587F98AAC}.Debug|Any CPU.ActiveCfg = Debug|Any CPU
		{F1DB9C89-9C90-40E4-A22F-C51587F98AAC}.Debug|Any CPU.Build.0 = Debug|Any CPU
		{F1DB9C89-9C90-40E4-A22F-C51587F98AAC}.Release|Any CPU.ActiveCfg = Release|Any CPU
		{F1DB9C89-9C90-40E4-A22F-C51587F98AAC}.Release|Any CPU.Build.0 = Release|Any CPU
		{EDA63E1D-8332-4C17-9DD8-41886BD42D82}.Debug|Any CPU.ActiveCfg = Debug|Any CPU
		{EDA63E1D-8332-4C17-9DD8-41886BD42D82}.Debug|Any CPU.Build.0 = Debug|Any CPU
		{EDA63E1D-8332-4C17-9DD8-41886BD42D82}.Release|Any CPU.ActiveCfg = Release|Any CPU
		{EDA63E1D-8332-4C17-9DD8-41886BD42D82}.Release|Any CPU.Build.0 = Release|Any CPU
		{A95FC6B2-E734-4C68-8EAB-531D05DE6CAC}.Debug|Any CPU.ActiveCfg = Debug|Any CPU
		{A95FC6B2-E734-4C68-8EAB-531D05DE6CAC}.Debug|Any CPU.Build.0 = Debug|Any CPU
		{A95FC6B2-E734-4C68-8EAB-531D05DE6CAC}.Release|Any CPU.ActiveCfg = Release|Any CPU
		{A95FC6B2-E734-4C68-8EAB-531D05DE6CAC}.Release|Any CPU.Build.0 = Release|Any CPU
	EndGlobalSection
	GlobalSection(SolutionProperties) = preSolution
		HideSolutionNode = FALSE
	EndGlobalSection
EndGlobal
